
Microsoft Visual Studio Solution File, Format Version 12.00
# Visual Studio 14
VisualStudioVersion = 14.0.25420.1
MinimumVisualStudioVersion = 10.0.40219.1
Project("{FAE04EC0-301F-11D3-BF4B-00C04F79EFBC}") = "Dsl", "Dsl\Dsl.csproj", "{D07306C0-1275-4955-BF1C-9D4425195DF4}"
EndProject
Project("{FAE04EC0-301F-11D3-BF4B-00C04F79EFBC}") = "DslPackage", "DslPackage\DslPackage.csproj", "{11FE97F4-6C84-4C17-9583-9B4ECB446898}"
EndProject
Global
	GlobalSection(SolutionConfigurationPlatforms) = preSolution
		Debug|Any CPU = Debug|Any CPU
		Release|Any CPU = Release|Any CPU
	EndGlobalSection
	GlobalSection(ProjectConfigurationPlatforms) = postSolution
		{D07306C0-1275-4955-BF1C-9D4425195DF4}.Debug|Any CPU.ActiveCfg = Debug|Any CPU
		{D07306C0-1275-4955-BF1C-9D4425195DF4}.Debug|Any CPU.Build.0 = Debug|Any CPU
		{D07306C0-1275-4955-BF1C-9D4425195DF4}.Release|Any CPU.ActiveCfg = Release|Any CPU
		{D07306C0-1275-4955-BF1C-9D4425195DF4}.Release|Any CPU.Build.0 = Release|Any CPU
		{11FE97F4-6C84-4C17-9583-9B4ECB446898}.Debug|Any CPU.ActiveCfg = Debug|Any CPU
		{11FE97F4-6C84-4C17-9583-9B4ECB446898}.Debug|Any CPU.Build.0 = Debug|Any CPU
		{11FE97F4-6C84-4C17-9583-9B4ECB446898}.Release|Any CPU.ActiveCfg = Release|Any CPU
		{11FE97F4-6C84-4C17-9583-9B4ECB446898}.Release|Any CPU.Build.0 = Release|Any CPU
	EndGlobalSection
	GlobalSection(SolutionProperties) = preSolution
		HideSolutionNode = FALSE
	EndGlobalSection
EndGlobal
